
Microsoft Visual Studio Solution File, Format Version 12.00
# Visual Studio Version 17
VisualStudioVersion = 17.10.35122.118
MinimumVisualStudioVersion = 10.0.40219.1
Project("{FAE04EC0-301F-11D3-BF4B-00C04F79EFBC}") = "EmployeeManager", "EmployeeManager\EmployeeManager.csproj", "{D05F6775-C767-4A7A-8E75-BF62D9912E0C}"
EndProject
Global
	GlobalSection(SolutionConfigurationPlatforms) = preSolution
		Debug|Any CPU = Debug|Any CPU
		Release|Any CPU = Release|Any CPU
	EndGlobalSection
	GlobalSection(ProjectConfigurationPlatforms) = postSolution
		{D05F6775-C767-4A7A-8E75-BF62D9912E0C}.Debug|Any CPU.ActiveCfg = Debug|Any CPU
		{D05F6775-C767-4A7A-8E75-BF62D9912E0C}.Debug|Any CPU.Build.0 = Debug|Any CPU
		{D05F6775-C767-4A7A-8E75-BF62D9912E0C}.Release|Any CPU.ActiveCfg = Release|Any CPU
		{D05F6775-C767-4A7A-8E75-BF62D9912E0C}.Release|Any CPU.Build.0 = Release|Any CPU
	EndGlobalSection
	GlobalSection(SolutionProperties) = preSolution
		HideSolutionNode = FALSE
	EndGlobalSection
	GlobalSection(ExtensibilityGlobals) = postSolution
		SolutionGuid = {0DAF1C0B-D508-49EC-8147-D130AA85EEB7}
	EndGlobalSection
EndGlobal
